
Microsoft Visual Studio Solution File, Format Version 12.00
# Visual Studio Version 16
VisualStudioVersion = 16.0.29806.167
MinimumVisualStudioVersion = 10.0.40219.1
Project("{9A19103F-16F7-4668-BE54-9A1E7A4F7556}") = "eShop_Mvc.Infrastructure", "Infrastructure\eShop_Mvc.Infrastructure.csproj", "{2B5A2436-E0BC-44F9-B9FB-D0491890DDC2}"
EndProject
Project("{9A19103F-16F7-4668-BE54-9A1E7A4F7556}") = "eShop_Mvc.Core", "Core\eShop_Mvc.Core.csproj", "{2EA89852-9612-4CEC-B13B-A9009A5D6B8E}"
EndProject
Project("{2150E333-8FDC-42A3-9474-1A3956D46DE8}") = "src", "src", "{252F0AD4-12F2-4FF9-9100-E66182147307}"
EndProject
Project("{9A19103F-16F7-4668-BE54-9A1E7A4F7556}") = "eShop_Mvc.SharedKernel", "SharedKernel\eShop_Mvc.SharedKernel.csproj", "{184B60C4-6347-4A05-AE99-BF44AA266DA2}"
EndProject
Project("{9A19103F-16F7-4668-BE54-9A1E7A4F7556}") = "eShop_Mvc.Web", "Web\eShop_Mvc.Web.csproj", "{28DBCC17-ABEF-484E-A544-017C10566AAA}"
EndProject
Global
	GlobalSection(SolutionConfigurationPlatforms) = preSolution
		Debug|Any CPU = Debug|Any CPU
		Release|Any CPU = Release|Any CPU
	EndGlobalSection
	GlobalSection(ProjectConfigurationPlatforms) = postSolution
		{2B5A2436-E0BC-44F9-B9FB-D0491890DDC2}.Debug|Any CPU.ActiveCfg = Debug|Any CPU
		{2B5A2436-E0BC-44F9-B9FB-D0491890DDC2}.Debug|Any CPU.Build.0 = Debug|Any CPU
		{2B5A2436-E0BC-44F9-B9FB-D0491890DDC2}.Release|Any CPU.ActiveCfg = Release|Any CPU
		{2B5A2436-E0BC-44F9-B9FB-D0491890DDC2}.Release|Any CPU.Build.0 = Release|Any CPU
		{2EA89852-9612-4CEC-B13B-A9009A5D6B8E}.Debug|Any CPU.ActiveCfg = Debug|Any CPU
		{2EA89852-9612-4CEC-B13B-A9009A5D6B8E}.Debug|Any CPU.Build.0 = Debug|Any CPU
		{2EA89852-9612-4CEC-B13B-A9009A5D6B8E}.Release|Any CPU.ActiveCfg = Release|Any CPU
		{2EA89852-9612-4CEC-B13B-A9009A5D6B8E}.Release|Any CPU.Build.0 = Release|Any CPU
		{184B60C4-6347-4A05-AE99-BF44AA266DA2}.Debug|Any CPU.ActiveCfg = Debug|Any CPU
		{184B60C4-6347-4A05-AE99-BF44AA266DA2}.Debug|Any CPU.Build.0 = Debug|Any CPU
		{184B60C4-6347-4A05-AE99-BF44AA266DA2}.Release|Any CPU.ActiveCfg = Release|Any CPU
		{184B60C4-6347-4A05-AE99-BF44AA266DA2}.Release|Any CPU.Build.0 = Release|Any CPU
		{28DBCC17-ABEF-484E-A544-017C10566AAA}.Debug|Any CPU.ActiveCfg = Debug|Any CPU
		{28DBCC17-ABEF-484E-A544-017C10566AAA}.Debug|Any CPU.Build.0 = Debug|Any CPU
		{28DBCC17-ABEF-484E-A544-017C10566AAA}.Release|Any CPU.ActiveCfg = Release|Any CPU
		{28DBCC17-ABEF-484E-A544-017C10566AAA}.Release|Any CPU.Build.0 = Release|Any CPU
	EndGlobalSection
	GlobalSection(SolutionProperties) = preSolution
		HideSolutionNode = FALSE
	EndGlobalSection
	GlobalSection(NestedProjects) = preSolution
		{2B5A2436-E0BC-44F9-B9FB-D0491890DDC2} = {252F0AD4-12F2-4FF9-9100-E66182147307}
		{2EA89852-9612-4CEC-B13B-A9009A5D6B8E} = {252F0AD4-12F2-4FF9-9100-E66182147307}
		{184B60C4-6347-4A05-AE99-BF44AA266DA2} = {252F0AD4-12F2-4FF9-9100-E66182147307}
		{28DBCC17-ABEF-484E-A544-017C10566AAA} = {252F0AD4-12F2-4FF9-9100-E66182147307}
	EndGlobalSection
	GlobalSection(ExtensibilityGlobals) = postSolution
		SolutionGuid = {ECC29309-4710-47F3-B192-8A6265DD9418}
	EndGlobalSection
EndGlobal
